
Microsoft Visual Studio Solution File, Format Version 12.00
# Visual Studio Version 16
VisualStudioVersion = 16.0.31112.23
MinimumVisualStudioVersion = 10.0.40219.1
Project("{FAE04EC0-301F-11D3-BF4B-00C04F79EFBC}") = "ejercicio13", "ejercicio13\ejercicio13.csproj", "{FC7D5710-CC28-462F-8A9C-726A6F9671BC}"
EndProject
Project("{FAE04EC0-301F-11D3-BF4B-00C04F79EFBC}") = "conversores", "conversores\conversores.csproj", "{4640C417-E88E-45C5-9D53-73D1BC02938D}"
EndProject
Global
	GlobalSection(SolutionConfigurationPlatforms) = preSolution
		Debug|Any CPU = Debug|Any CPU
		Release|Any CPU = Release|Any CPU
	EndGlobalSection
	GlobalSection(ProjectConfigurationPlatforms) = postSolution
		{FC7D5710-CC28-462F-8A9C-726A6F9671BC}.Debug|Any CPU.ActiveCfg = Debug|Any CPU
		{FC7D5710-CC28-462F-8A9C-726A6F9671BC}.Debug|Any CPU.Build.0 = Debug|Any CPU
		{FC7D5710-CC28-462F-8A9C-726A6F9671BC}.Release|Any CPU.ActiveCfg = Release|Any CPU
		{FC7D5710-CC28-462F-8A9C-726A6F9671BC}.Release|Any CPU.Build.0 = Release|Any CPU
		{4640C417-E88E-45C5-9D53-73D1BC02938D}.Debug|Any CPU.ActiveCfg = Debug|Any CPU
		{4640C417-E88E-45C5-9D53-73D1BC02938D}.Debug|Any CPU.Build.0 = Debug|Any CPU
		{4640C417-E88E-45C5-9D53-73D1BC02938D}.Release|Any CPU.ActiveCfg = Release|Any CPU
		{4640C417-E88E-45C5-9D53-73D1BC02938D}.Release|Any CPU.Build.0 = Release|Any CPU
	EndGlobalSection
	GlobalSection(SolutionProperties) = preSolution
		HideSolutionNode = FALSE
	EndGlobalSection
	GlobalSection(ExtensibilityGlobals) = postSolution
		SolutionGuid = {618D7411-7A0A-4140-ABC4-542A72B7D328}
	EndGlobalSection
EndGlobal
